
Microsoft Visual Studio Solution File, Format Version 12.00
# Visual Studio Version 17
VisualStudioVersion = 17.4.33213.308
MinimumVisualStudioVersion = 10.0.40219.1
Project("{FAE04EC0-301F-11D3-BF4B-00C04F79EFBC}") = "Introduccion_A_Entity_Framework_Core", "Introduccion_A_Entity_Framework_Core.csproj", "{1A89BF0E-8B21-4E65-9E48-F7826645C604}"
EndProject
Global
	GlobalSection(SolutionConfigurationPlatforms) = preSolution
		Debug|Any CPU = Debug|Any CPU
		Release|Any CPU = Release|Any CPU
	EndGlobalSection
	GlobalSection(ProjectConfigurationPlatforms) = postSolution
		{1A89BF0E-8B21-4E65-9E48-F7826645C604}.Debug|Any CPU.ActiveCfg = Debug|Any CPU
		{1A89BF0E-8B21-4E65-9E48-F7826645C604}.Debug|Any CPU.Build.0 = Debug|Any CPU
		{1A89BF0E-8B21-4E65-9E48-F7826645C604}.Release|Any CPU.ActiveCfg = Release|Any CPU
		{1A89BF0E-8B21-4E65-9E48-F7826645C604}.Release|Any CPU.Build.0 = Release|Any CPU
	EndGlobalSection
	GlobalSection(SolutionProperties) = preSolution
		HideSolutionNode = FALSE
	EndGlobalSection
	GlobalSection(ExtensibilityGlobals) = postSolution
		SolutionGuid = {AF43B51F-98D7-48A0-8950-5A1A819F3961}
	EndGlobalSection
EndGlobal
